// !$*UTF8*$!
{
	archiveVersion = 1;
	classes = {
	};
	objectVersion = 50;
	objects = {

/* Begin PBXBuildFile section */
		D2F3653C244A7CAA00271561 /* Rewards.swift in Sources */ = {isa = PBXBuildFile; fileRef = D2F3653B244A7CAA00271561 /* Rewards.swift */; };
		D2FFD3C1244A655600491D7A /* AppDelegate.swift in Sources */ = {isa = PBXBuildFile; fileRef = D2FFD3C0244A655600491D7A /* AppDelegate.swift */; };
		D2FFD3C3244A655600491D7A /* SceneDelegate.swift in Sources */ = {isa = PBXBuildFile; fileRef = D2FFD3C2244A655600491D7A /* SceneDelegate.swift */; };
		D2FFD3C5244A655600491D7A /* ViewController.swift in Sources */ = {isa = PBXBuildFile; fileRef = D2FFD3C4244A655600491D7A /* ViewController.swift */; };
		D2FFD3C8244A655600491D7A /* Main.storyboard in Resources */ = {isa = PBXBuildFile; fileRef = D2FFD3C6244A655600491D7A /* Main.storyboard */; };
		D2FFD3CA244A655800491D7A /* Assets.xcassets in Resources */ = {isa = PBXBuildFile; fileRef = D2FFD3C9244A655800491D7A /* Assets.xcassets */; };
		D2FFD3CD244A655800491D7A /* LaunchScreen.storyboard in Resources */ = {isa = PBXBuildFile; fileRef = D2FFD3CB244A655800491D7A /* LaunchScreen.storyboard */; };
/* End PBXBuildFile section */

/* Begin PBXFileReference section */
		D2F3653B244A7CAA00271561 /* Rewards.swift */ = {isa = PBXFileReference; lastKnownFileType = sourcecode.swift; path = Rewards.swift; sourceTree = "<group>"; };
		D2FFD3BD244A655600491D7A /* JCHs.app */ = {isa = PBXFileReference; explicitFileType = wrapper.application; includeInIndex = 0; path = JCHs.app; sourceTree = BUILT_PRODUCTS_DIR; };
		D2FFD3C0244A655600491D7A /* AppDelegate.swift */ = {isa = PBXFileReference; lastKnownFileType = sourcecode.swift; path = AppDelegate.swift; sourceTree = "<group>"; };
		D2FFD3C2244A655600491D7A /* SceneDelegate.swift */ = {isa = PBXFileReference; lastKnownFileType = sourcecode.swift; path = SceneDelegate.swift; sourceTree = "<group>"; };
		D2FFD3C4244A655600491D7A /* ViewController.swift */ = {isa = PBXFileReference; lastKnownFileType = sourcecode.swift; path = ViewController.swift; sourceTree = "<group>"; };
		D2FFD3C7244A655600491D7A /* Base */ = {isa = PBXFileReference; lastKnownFileType = file.storyboard; name = Base; path = Base.lproj/Main.storyboard; sourceTree = "<group>"; };
		D2FFD3C9244A655800491D7A /* Assets.xcassets */ = {isa = PBXFileReference; lastKnownFileType = folder.assetcatalog; path = Assets.xcassets; sourceTree = "<group>"; };
		D2FFD3CC244A655800491D7A /* Base */ = {isa = PBXFileReference; lastKnownFileType = file.storyboard; name = Base; path = Base.lproj/LaunchScreen.storyboard; sourceTree = "<group>"; };
		D2FFD3CE244A655800491D7A /* Info.plist */ = {isa = PBXFileReference; lastKnownFileType = text.plist.xml; path = Info.plist; sourceTree = "<group>"; };
/* End PBXFileReference section */

/* Begin PBXFrameworksBuildPhase section */
		D2FFD3BA244A655600491D7A /* Frameworks */ = {
			isa = PBXFrameworksBuildPhase;
			buildActionMask = 2147483647;
			files = (
			);
			runOnlyForDeploymentPostprocessing = 0;
		};
/* End PBXFrameworksBuildPhase section */

/* Begin PBXGroup section */
		D2FFD3B4244A655600491D7A = {
			isa = PBXGroup;
			children = (
				D2FFD3BF244A655600491D7A /* JCHs */,
				D2FFD3BE244A655600491D7A /* Products */,
			);
			sourceTree = "<group>";
		};
		D2FFD3BE244A655600491D7A /* Products */ = {
			isa = PBXGroup;
			children = (
				D2FFD3BD244A655600491D7A /* JCHs.app */,
			);
			name = Products;
			sourceTree = "<group>";
		};
		D2FFD3BF244A655600491D7A /* JCHs */ = {
			isa = PBXGroup;
			children = (
				D2FFD3C0244A655600491D7A /* AppDelegate.swift */,
				D2FFD3C2244A655600491D7A /* SceneDelegate.swift */,
				D2FFD3C4244A655600491D7A /* ViewController.swift */,
				D2FFD3C6244A655600491D7A /* Main.storyboard */,
				D2F3653B244A7CAA00271561 /* Rewards.swift */,
				D2FFD3C9244A655800491D7A /* Assets.xcassets */,
				D2FFD3CB244A655800491D7A /* LaunchScreen.storyboard */,
				D2FFD3CE244A655800491D7A /* Info.plist */,
			);
			path = JCHs;
			sourceTree = "<group>";
		};
/* End PBXGroup section */

/* Begin PBXNativeTarget section */
		D2FFD3BC244A655600491D7A /* JCHs */ = {
			isa = PBXNativeTarget;
			buildConfigurationList = D2FFD3D1244A655800491D7A /* Build configuration list for PBXNativeTarget "JCHs" */;
			buildPhases = (
				D2FFD3B9244A655600491D7A /* Sources */,
				D2FFD3BA244A655600491D7A /* Frameworks */,
				D2FFD3BB244A655600491D7A /* Resources */,
			);
			buildRules = (
			);
			dependencies = (
			);
			name = JCHs;
			productName = JCHs;
			productReference = D2FFD3BD244A655600491D7A /* JCHs.app */;
			productType = "com.apple.product-type.application";
		};
/* End PBXNativeTarget section */

/* Begin PBXProject section */
		D2FFD3B5244A655600491D7A /* Project object */ = {
			isa = PBXProject;
			attributes = {
				LastSwiftUpdateCheck = 1130;
				LastUpgradeCheck = 1130;
				ORGANIZATIONNAME = "Steven Lu";
				TargetAttributes = {
					D2FFD3BC244A655600491D7A = {
						CreatedOnToolsVersion = 11.3.1;
					};
				};
			};
			buildConfigurationList = D2FFD3B8244A655600491D7A /* Build configuration list for PBXProject "JCHs" */;
			compatibilityVersion = "Xcode 9.3";
			developmentRegion = en;
			hasScannedForEncodings = 0;
			knownRegions = (
				en,
				Base,
			);
			mainGroup = D2FFD3B4244A655600491D7A;
			productRefGroup = D2FFD3BE244A655600491D7A /* Products */;
			projectDirPath = "";
			projectRoot = "";
			targets = (
				D2FFD3BC244A655600491D7A /* JCHs */,
			);
		};
/* End PBXProject section */

/* Begin PBXResourcesBuildPhase section */
		D2FFD3BB244A655600491D7A /* Resources */ = {
			isa = PBXResourcesBuildPhase;
			buildActionMask = 2147483647;
			files = (
				D2FFD3CD244A655800491D7A /* LaunchScreen.storyboard in Resources */,
				D2FFD3CA244A655800491D7A /* Assets.xcassets in Resources */,
				D2FFD3C8244A655600491D7A /* Main.storyboard in Resources */,
			);
			runOnlyForDeploymentPostprocessing = 0;
		};
/* End PBXResourcesBuildPhase section */

/* Begin PBXSourcesBuildPhase section */
		D2FFD3B9244A655600491D7A /* Sources */ = {
			isa = PBXSourcesBuildPhase;
			buildActionMask = 2147483647;
			files = (
				D2F3653C244A7CAA00271561 /* Rewards.swift in Sources */,
				D2FFD3C5244A655600491D7A /* ViewController.swift in Sources */,
				D2FFD3C1244A655600491D7A /* AppDelegate.swift in Sources */,
				D2FFD3C3244A655600491D7A /* SceneDelegate.swift in Sources */,
			);
			runOnlyForDeploymentPostprocessing = 0;
		};
/* End PBXSourcesBuildPhase section */

/* Begin PBXVariantGroup section */
		D2FFD3C6244A655600491D7A /* Main.storyboard */ = {
			isa = PBXVariantGroup;
			children = (
				D2FFD3C7244A655600491D7A /* Base */,
			);
			name = Main.storyboard;
			sourceTree = "<group>";
		};
		D2FFD3CB244A655800491D7A /* LaunchScreen.storyboard */ = {
			isa = PBXVariantGroup;
			children = (
				D2FFD3CC244A655800491D7A /* Base */,
			);
			name = LaunchScreen.storyboard;
			sourceTree = "<group>";
		};
/* End PBXVariantGroup section */

/* Begin XCBuildConfiguration section */
		D2FFD3CF244A655800491D7A /* Debug */ = {
			isa = XCBuildConfiguration;
			buildSettings = {
				ALWAYS_SEARCH_USER_PATHS = NO;
				CLANG_ANALYZER_NONNULL = YES;
				CLANG_ANALYZER_NUMBER_OBJECT_CONVERSION = YES_AGGRESSIVE;
				CLANG_CXX_LANGUAGE_STANDARD = "gnu++14";
				CLANG_CXX_LIBRARY = "libc++";
				CLANG_ENABLE_MODULES = YES;
				CLANG_ENABLE_OBJC_ARC = YES;
				CLANG_ENABLE_OBJC_WEAK = YES;
				CLANG_WARN_BLOCK_CAPTURE_AUTORELEASING = YES;
				CLANG_WARN_BOOL_CONVERSION = YES;
				CLANG_WARN_COMMA = YES;
				CLANG_WARN_CONSTANT_CONVERSION = YES;
				CLANG_WARN_DEPRECATED_OBJC_IMPLEMENTATIONS = YES;
				CLANG_WARN_DIRECT_OBJC_ISA_USAGE = YES_ERROR;
				CLANG_WARN_DOCUMENTATION_COMMENTS = YES;
				CLANG_WARN_EMPTY_BODY = YES;
				CLANG_WARN_ENUM_CONVERSION = YES;
				CLANG_WARN_INFINITE_RECURSION = YES;
				CLANG_WARN_INT_CONVERSION = YES;
				CLANG_WARN_NON_LITERAL_NULL_CONVERSION = YES;
				CLANG_WARN_OBJC_IMPLICIT_RETAIN_SELF = YES;
				CLANG_WARN_OBJC_LITERAL_CONVERSION = YES;
				CLANG_WARN_OBJC_ROOT_CLASS = YES_ERROR;
				CLANG_WARN_RANGE_LOOP_ANALYSIS = YES;
				CLANG_WARN_STRICT_PROTOTYPES = YES;
				CLANG_WARN_SUSPICIOUS_MOVE = YES;
				CLANG_WARN_UNGUARDED_AVAILABILITY = YES_AGGRESSIVE;
				CLANG_WARN_UNREACHABLE_CODE = YES;
				CLANG_WARN__DUPLICATE_METHOD_MATCH = YES;
				COPY_PHASE_STRIP = NO;
				DEBUG_INFORMATION_FORMAT = dwarf;
				ENABLE_STRICT_OBJC_MSGSEND = YES;
				ENABLE_TESTABILITY = YES;
				GCC_C_LANGUAGE_STANDARD = gnu11;
				GCC_DYNAMIC_NO_PIC = NO;
				GCC_NO_COMMON_BLOCKS = YES;
				GCC_OPTIMIZATION_LEVEL = 0;
				GCC_PREPROCESSOR_DEFINITIONS = (
					"DEBUG=1",
					"$(inherited)",
				);
				GCC_WARN_64_TO_32_BIT_CONVERSION = YES;
				GCC_WARN_ABOUT_RETURN_TYPE = YES_ERROR;
				GCC_WARN_UNDECLARED_SELECTOR = YES;
				GCC_WARN_UNINITIALIZED_AUTOS = YES_AGGRESSIVE;
				GCC_WARN_UNUSED_FUNCTION = YES;
				GCC_WARN_UNUSED_VARIABLE = YES;
				IPHONEOS_DEPLOYMENT_TARGET = 13.2;
				MTL_ENABLE_DEBUG_INFO = INCLUDE_SOURCE;
				MTL_FAST_MATH = YES;
				ONLY_ACTIVE_ARCH = YES;
				SDKROOT = iphoneos;
				SWIFT_ACTIVE_COMPILATION_CONDITIONS = DEBUG;
				SWIFT_OPTIMIZATION_LEVEL = "-Onone";
			};
			name = Debug;
		};
		D2FFD3D0244A655800491D7A /* Release */ = {
			isa = XCBuildConfiguration;
			buildSettings = {
				ALWAYS_SEARCH_USER_PATHS = NO;
				CLANG_ANALYZER_NONNULL = YES;
				CLANG_ANALYZER_NUMBER_OBJECT_CONVERSION = YES_AGGRESSIVE;
				CLANG_CXX_LANGUAGE_STANDARD = "gnu++14";
				CLANG_CXX_LIBRARY = "libc++";
				CLANG_ENABLE_MODULES = YES;
				CLANG_ENABLE_OBJC_ARC = YES;
				CLANG_ENABLE_OBJC_WEAK = YES;
				CLANG_WARN_BLOCK_CAPTURE_AUTORELEASING = YES;
				CLANG_WARN_BOOL_CONVERSION = YES;
				CLANG_WARN_COMMA = YES;
				CLANG_WARN_CONSTANT_CONVERSION = YES;
				CLANG_WARN_DEPRECATED_OBJC_IMPLEMENTATIONS = YES;
				CLANG_WARN_DIRECT_OBJC_ISA_USAGE = YES_ERROR;
				CLANG_WARN_DOCUMENTATION_COMMENTS = YES;
				CLANG_WARN_EMPTY_BODY = YES;
				CLANG_WARN_ENUM_CONVERSION = YES;
				CLANG_WARN_INFINITE_RECURSION = YES;
				CLANG_WARN_INT_CONVERSION = YES;
				CLANG_WARN_NON_LITERAL_NULL_CONVERSION = YES;
				CLANG_WARN_OBJC_IMPLICIT_RETAIN_SELF = YES;
				CLANG_WARN_OBJC_LITERAL_CONVERSION = YES;
				CLANG_WARN_OBJC_ROOT_CLASS = YES_ERROR;
				CLANG_WARN_RANGE_LOOP_ANALYSIS = YES;
				CLANG_WARN_STRICT_PROTOTYPES = YES;
				CLANG_WARN_SUSPICIOUS_MOVE = YES;
				CLANG_WARN_UNGUARDED_AVAILABILITY = YES_AGGRESSIVE;
				CLANG_WARN_UNREACHABLE_CODE = YES;
				CLANG_WARN__DUPLICATE_METHOD_MATCH = YES;
				COPY_PHASE_STRIP = NO;
				DEBUG_INFORMATION_FORMAT = "dwarf-with-dsym";
				ENABLE_NS_ASSERTIONS = NO;
				ENABLE_STRICT_OBJC_MSGSEND = YES;
				GCC_C_LANGUAGE_STANDARD = gnu11;
				GCC_NO_COMMON_BLOCKS = YES;
				GCC_WARN_64_TO_32_BIT_CONVERSION = YES;
				GCC_WARN_ABOUT_RETURN_TYPE = YES_ERROR;
				GCC_WARN_UNDECLARED_SELECTOR = YES;
				GCC_WARN_UNINITIALIZED_AUTOS = YES_AGGRESSIVE;
				GCC_WARN_UNUSED_FUNCTION = YES;
				GCC_WARN_UNUSED_VARIABLE = YES;
				IPHONEOS_DEPLOYMENT_TARGET = 13.2;
				MTL_ENABLE_DEBUG_INFO = NO;
				MTL_FAST_MATH = YES;
				SDKROOT = iphoneos;
				SWIFT_COMPILATION_MODE = wholemodule;
				SWIFT_OPTIMIZATION_LEVEL = "-O";
				VALIDATE_PRODUCT = YES;
			};
			name = Release;
		};
		D2FFD3D2244A655800491D7A /* Debug */ = {
			isa = XCBuildConfiguration;
			buildSettings = {
				ASSETCATALOG_COMPILER_APPICON_NAME = AppIcon;
				CODE_SIGN_STYLE = Automatic;
				DEVELOPMENT_TEAM = C84X9QYM69;
				INFOPLIST_FILE = JCHs/Info.plist;
				LD_RUNPATH_SEARCH_PATHS = (
					"$(inherited)",
					"@executable_path/Frameworks",
				);
				PRODUCT_BUNDLE_IDENTIFIER = com.steventranlu.JCHs;
				PRODUCT_NAME = "$(TARGET_NAME)";
				SWIFT_VERSION = 5.0;
				TARGETED_DEVICE_FAMILY = "1,2";
			};
			name = Debug;
		};
		D2FFD3D3244A655800491D7A /* Release */ = {
			isa = XCBuildConfiguration;
			buildSettings = {
				ASSETCATALOG_COMPILER_APPICON_NAME = AppIcon;
				CODE_SIGN_STYLE = Automatic;
				DEVELOPMENT_TEAM = C84X9QYM69;
				INFOPLIST_FILE = JCHs/Info.plist;
				LD_RUNPATH_SEARCH_PATHS = (
					"$(inherited)",
					"@executable_path/Frameworks",
				);
				PRODUCT_BUNDLE_IDENTIFIER = com.steventranlu.JCHs;
				PRODUCT_NAME = "$(TARGET_NAME)";
				SWIFT_VERSION = 5.0;
				TARGETED_DEVICE_FAMILY = "1,2";
			};
			name = Release;
		};
/* End XCBuildConfiguration section */

/* Begin XCConfigurationList section */
		D2FFD3B8244A655600491D7A /* Build configuration list for PBXProject "JCHs" */ = {
			isa = XCConfigurationList;
			buildConfigurations = (
				D2FFD3CF244A655800491D7A /* Debug */,
				D2FFD3D0244A655800491D7A /* Release */,
			);
			defaultConfigurationIsVisible = 0;
			defaultConfigurationName = Release;
		};
		D2FFD3D1244A655800491D7A /* Build configuration list for PBXNativeTarget "JCHs" */ = {
			isa = XCConfigurationList;
			buildConfigurations = (
				D2FFD3D2244A655800491D7A /* Debug */,
				D2FFD3D3244A655800491D7A /* Release */,
			);
			defaultConfigurationIsVisible = 0;
			defaultConfigurationName = Release;
		};
/* End XCConfigurationList section */
	};
	rootObject = D2FFD3B5244A655600491D7A /* Project object */;
}
